
Microsoft Visual Studio Solution File, Format Version 12.00
# Visual Studio Version 16
VisualStudioVersion = 16.0.31729.503
MinimumVisualStudioVersion = 10.0.40219.1
Project("{FAE04EC0-301F-11D3-BF4B-00C04F79EFBC}") = "BoilerPlate", "BoilerPlate.csproj", "{532A8A18-A197-402A-9C1E-8DA4519A2499}"
EndProject
Global
	GlobalSection(SolutionConfigurationPlatforms) = preSolution
		Debug|Any CPU = Debug|Any CPU
		Release|Any CPU = Release|Any CPU
	EndGlobalSection
	GlobalSection(ProjectConfigurationPlatforms) = postSolution
		{532A8A18-A197-402A-9C1E-8DA4519A2499}.Debug|Any CPU.ActiveCfg = Debug|Any CPU
		{532A8A18-A197-402A-9C1E-8DA4519A2499}.Debug|Any CPU.Build.0 = Debug|Any CPU
		{532A8A18-A197-402A-9C1E-8DA4519A2499}.Release|Any CPU.ActiveCfg = Release|Any CPU
		{532A8A18-A197-402A-9C1E-8DA4519A2499}.Release|Any CPU.Build.0 = Release|Any CPU
	EndGlobalSection
	GlobalSection(SolutionProperties) = preSolution
		HideSolutionNode = FALSE
	EndGlobalSection
	GlobalSection(ExtensibilityGlobals) = postSolution
		SolutionGuid = {3E191ACF-8666-48F7-88B7-4EFF5E1BFABB}
	EndGlobalSection
EndGlobal
